
Microsoft Visual Studio Solution File, Format Version 12.00
# Visual Studio Version 17
VisualStudioVersion = 17.4.33205.214
MinimumVisualStudioVersion = 10.0.40219.1
Project("{FAE04EC0-301F-11D3-BF4B-00C04F79EFBC}") = "hw6_json", "hw6_json\hw6_json.csproj", "{A4040CCD-B18A-4593-AF39-F43B301F6BAB}"
EndProject
Global
	GlobalSection(SolutionConfigurationPlatforms) = preSolution
		Debug|Any CPU = Debug|Any CPU
		Release|Any CPU = Release|Any CPU
	EndGlobalSection
	GlobalSection(ProjectConfigurationPlatforms) = postSolution
		{A4040CCD-B18A-4593-AF39-F43B301F6BAB}.Debug|Any CPU.ActiveCfg = Debug|Any CPU
		{A4040CCD-B18A-4593-AF39-F43B301F6BAB}.Debug|Any CPU.Build.0 = Debug|Any CPU
		{A4040CCD-B18A-4593-AF39-F43B301F6BAB}.Release|Any CPU.ActiveCfg = Release|Any CPU
		{A4040CCD-B18A-4593-AF39-F43B301F6BAB}.Release|Any CPU.Build.0 = Release|Any CPU
	EndGlobalSection
	GlobalSection(SolutionProperties) = preSolution
		HideSolutionNode = FALSE
	EndGlobalSection
	GlobalSection(ExtensibilityGlobals) = postSolution
		SolutionGuid = {47C20A66-C159-4C9D-9D8C-F7361841AAE4}
	EndGlobalSection
EndGlobal
